
Microsoft Visual Studio Solution File, Format Version 12.00
# Visual Studio Version 17
VisualStudioVersion = 17.0.32112.339
MinimumVisualStudioVersion = 10.0.40219.1
Project("{FAE04EC0-301F-11D3-BF4B-00C04F79EFBC}") = "spec", "spec\spec.csproj", "{FBD853A4-D791-49BE-BFC0-401F7006AECD}"
EndProject
Global
	GlobalSection(SolutionConfigurationPlatforms) = preSolution
		Debug|Any CPU = Debug|Any CPU
		Release|Any CPU = Release|Any CPU
	EndGlobalSection
	GlobalSection(ProjectConfigurationPlatforms) = postSolution
		{FBD853A4-D791-49BE-BFC0-401F7006AECD}.Debug|Any CPU.ActiveCfg = Debug|Any CPU
		{FBD853A4-D791-49BE-BFC0-401F7006AECD}.Debug|Any CPU.Build.0 = Debug|Any CPU
		{FBD853A4-D791-49BE-BFC0-401F7006AECD}.Release|Any CPU.ActiveCfg = Release|Any CPU
		{FBD853A4-D791-49BE-BFC0-401F7006AECD}.Release|Any CPU.Build.0 = Release|Any CPU
	EndGlobalSection
	GlobalSection(SolutionProperties) = preSolution
		HideSolutionNode = FALSE
	EndGlobalSection
	GlobalSection(ExtensibilityGlobals) = postSolution
		SolutionGuid = {C9D0E122-A880-4470-AFBA-6CFEB3D21D67}
	EndGlobalSection
EndGlobal
